
Microsoft Visual Studio Solution File, Format Version 12.00
# Visual Studio Version 16
VisualStudioVersion = 16.0.31702.278
MinimumVisualStudioVersion = 10.0.40219.1
Project("{FAE04EC0-301F-11D3-BF4B-00C04F79EFBC}") = "MyFirstApp", "MyFirstApp.csproj", "{88E1C558-42FF-49F4-A7FD-1968A897C02B}"
EndProject
Global
	GlobalSection(SolutionConfigurationPlatforms) = preSolution
		Debug|Any CPU = Debug|Any CPU
		Release|Any CPU = Release|Any CPU
	EndGlobalSection
	GlobalSection(ProjectConfigurationPlatforms) = postSolution
		{88E1C558-42FF-49F4-A7FD-1968A897C02B}.Debug|Any CPU.ActiveCfg = Debug|Any CPU
		{88E1C558-42FF-49F4-A7FD-1968A897C02B}.Debug|Any CPU.Build.0 = Debug|Any CPU
		{88E1C558-42FF-49F4-A7FD-1968A897C02B}.Release|Any CPU.ActiveCfg = Release|Any CPU
		{88E1C558-42FF-49F4-A7FD-1968A897C02B}.Release|Any CPU.Build.0 = Release|Any CPU
	EndGlobalSection
	GlobalSection(SolutionProperties) = preSolution
		HideSolutionNode = FALSE
	EndGlobalSection
	GlobalSection(ExtensibilityGlobals) = postSolution
		SolutionGuid = {B522F834-4D5C-48F3-8335-B9B5420012CD}
	EndGlobalSection
EndGlobal
